// !$*UTF8*$!
{
	archiveVersion = 1;
	classes = {
	};
	objectVersion = 48;
	objects = {

/* Begin PBXBuildFile section */
		29DE1BF9C1AABA1AEBBCF630 /* Pods_Qurraa.framework in Frameworks */ = {isa = PBXBuildFile; fileRef = 83CB9B0EEAFE4AECCF4870AF /* Pods_Qurraa.framework */; };
		A97EE7121F80F5E90062B374 /* AppDelegate.swift in Sources */ = {isa = PBXBuildFile; fileRef = A97EE7111F80F5E90062B374 /* AppDelegate.swift */; };
		A97EE7141F80F5E90062B374 /* ViewController.swift in Sources */ = {isa = PBXBuildFile; fileRef = A97EE7131F80F5E90062B374 /* ViewController.swift */; };
		A97EE7171F80F5EA0062B374 /* Main.storyboard in Resources */ = {isa = PBXBuildFile; fileRef = A97EE7151F80F5EA0062B374 /* Main.storyboard */; };
		A97EE7191F80F5EA0062B374 /* Assets.xcassets in Resources */ = {isa = PBXBuildFile; fileRef = A97EE7181F80F5EA0062B374 /* Assets.xcassets */; };
		A97EE71C1F80F5EA0062B374 /* LaunchScreen.storyboard in Resources */ = {isa = PBXBuildFile; fileRef = A97EE71A1F80F5EA0062B374 /* LaunchScreen.storyboard */; };
		A9D6DF7A1F8108DB00CF1569 /* CustomReaderCell.swift in Sources */ = {isa = PBXBuildFile; fileRef = A9D6DF791F8108DB00CF1569 /* CustomReaderCell.swift */; };
		A9D6DF7C1F81100600CF1569 /* Reciter.swift in Sources */ = {isa = PBXBuildFile; fileRef = A9D6DF7B1F81100600CF1569 /* Reciter.swift */; };
		A9F40EBA1F83B7DD00448EAC /* MenuCustomCell.swift in Sources */ = {isa = PBXBuildFile; fileRef = A9F40EB91F83B7DD00448EAC /* MenuCustomCell.swift */; };
		A9F40EBC1F83B8AC00448EAC /* MenuTCV.swift in Sources */ = {isa = PBXBuildFile; fileRef = A9F40EBB1F83B8AC00448EAC /* MenuTCV.swift */; };
		A9F9BB051F84FB1A0067C293 /* CustomSuraCell.swift in Sources */ = {isa = PBXBuildFile; fileRef = A9F9BB041F84FB1A0067C293 /* CustomSuraCell.swift */; };
		A9F9BB071F8505DF0067C293 /* SuraViewController.swift in Sources */ = {isa = PBXBuildFile; fileRef = A9F9BB061F8505DF0067C293 /* SuraViewController.swift */; };
/* End PBXBuildFile section */

/* Begin PBXFileReference section */
		404FB1139A34E8A059C883B7 /* Pods-Qurraa.release.xcconfig */ = {isa = PBXFileReference; includeInIndex = 1; lastKnownFileType = text.xcconfig; name = "Pods-Qurraa.release.xcconfig"; path = "Pods/Target Support Files/Pods-Qurraa/Pods-Qurraa.release.xcconfig"; sourceTree = "<group>"; };
		83CB9B0EEAFE4AECCF4870AF /* Pods_Qurraa.framework */ = {isa = PBXFileReference; explicitFileType = wrapper.framework; includeInIndex = 0; path = Pods_Qurraa.framework; sourceTree = BUILT_PRODUCTS_DIR; };
		A97EE70E1F80F5E90062B374 /* Qurraa.app */ = {isa = PBXFileReference; explicitFileType = wrapper.application; includeInIndex = 0; path = Qurraa.app; sourceTree = BUILT_PRODUCTS_DIR; };
		A97EE7111F80F5E90062B374 /* AppDelegate.swift */ = {isa = PBXFileReference; lastKnownFileType = sourcecode.swift; path = AppDelegate.swift; sourceTree = "<group>"; };
		A97EE7131F80F5E90062B374 /* ViewController.swift */ = {isa = PBXFileReference; lastKnownFileType = sourcecode.swift; path = ViewController.swift; sourceTree = "<group>"; };
		A97EE7161F80F5EA0062B374 /* Base */ = {isa = PBXFileReference; lastKnownFileType = file.storyboard; name = Base; path = Base.lproj/Main.storyboard; sourceTree = "<group>"; };
		A97EE7181F80F5EA0062B374 /* Assets.xcassets */ = {isa = PBXFileReference; lastKnownFileType = folder.assetcatalog; path = Assets.xcassets; sourceTree = "<group>"; };
		A97EE71B1F80F5EA0062B374 /* Base */ = {isa = PBXFileReference; lastKnownFileType = file.storyboard; name = Base; path = Base.lproj/LaunchScreen.storyboard; sourceTree = "<group>"; };
		A97EE71D1F80F5EA0062B374 /* Info.plist */ = {isa = PBXFileReference; lastKnownFileType = text.plist.xml; path = Info.plist; sourceTree = "<group>"; };
		A9D6DF791F8108DB00CF1569 /* CustomReaderCell.swift */ = {isa = PBXFileReference; lastKnownFileType = sourcecode.swift; path = CustomReaderCell.swift; sourceTree = "<group>"; };
		A9D6DF7B1F81100600CF1569 /* Reciter.swift */ = {isa = PBXFileReference; lastKnownFileType = sourcecode.swift; path = Reciter.swift; sourceTree = "<group>"; };
		A9F40EB91F83B7DD00448EAC /* MenuCustomCell.swift */ = {isa = PBXFileReference; lastKnownFileType = sourcecode.swift; path = MenuCustomCell.swift; sourceTree = "<group>"; };
		A9F40EBB1F83B8AC00448EAC /* MenuTCV.swift */ = {isa = PBXFileReference; lastKnownFileType = sourcecode.swift; path = MenuTCV.swift; sourceTree = "<group>"; };
		A9F9BB041F84FB1A0067C293 /* CustomSuraCell.swift */ = {isa = PBXFileReference; lastKnownFileType = sourcecode.swift; path = CustomSuraCell.swift; sourceTree = "<group>"; };
		A9F9BB061F8505DF0067C293 /* SuraViewController.swift */ = {isa = PBXFileReference; lastKnownFileType = sourcecode.swift; path = SuraViewController.swift; sourceTree = "<group>"; };
		E06340A47D44D9D6E410486F /* Pods-Qurraa.debug.xcconfig */ = {isa = PBXFileReference; includeInIndex = 1; lastKnownFileType = text.xcconfig; name = "Pods-Qurraa.debug.xcconfig"; path = "Pods/Target Support Files/Pods-Qurraa/Pods-Qurraa.debug.xcconfig"; sourceTree = "<group>"; };
/* End PBXFileReference section */

/* Begin PBXFrameworksBuildPhase section */
		A97EE70B1F80F5E90062B374 /* Frameworks */ = {
			isa = PBXFrameworksBuildPhase;
			buildActionMask = 2147483647;
			files = (
				29DE1BF9C1AABA1AEBBCF630 /* Pods_Qurraa.framework in Frameworks */,
			);
			runOnlyForDeploymentPostprocessing = 0;
		};
/* End PBXFrameworksBuildPhase section */

/* Begin PBXGroup section */
		17F1F2D88EEA4ED4C0C9D809 /* Pods */ = {
			isa = PBXGroup;
			children = (
				E06340A47D44D9D6E410486F /* Pods-Qurraa.debug.xcconfig */,
				404FB1139A34E8A059C883B7 /* Pods-Qurraa.release.xcconfig */,
			);
			name = Pods;
			sourceTree = "<group>";
		};
		4DC824B40EC0C065821DCC9A /* Frameworks */ = {
			isa = PBXGroup;
			children = (
				83CB9B0EEAFE4AECCF4870AF /* Pods_Qurraa.framework */,
			);
			name = Frameworks;
			sourceTree = "<group>";
		};
		A97EE7051F80F5E90062B374 = {
			isa = PBXGroup;
			children = (
				A97EE7101F80F5E90062B374 /* Qurraa */,
				A97EE70F1F80F5E90062B374 /* Products */,
				17F1F2D88EEA4ED4C0C9D809 /* Pods */,
				4DC824B40EC0C065821DCC9A /* Frameworks */,
			);
			sourceTree = "<group>";
		};
		A97EE70F1F80F5E90062B374 /* Products */ = {
			isa = PBXGroup;
			children = (
				A97EE70E1F80F5E90062B374 /* Qurraa.app */,
			);
			name = Products;
			sourceTree = "<group>";
		};
		A97EE7101F80F5E90062B374 /* Qurraa */ = {
			isa = PBXGroup;
			children = (
				A97EE7231F80F6030062B374 /* Model */,
				A97EE7241F80F60B0062B374 /* View */,
				A97EE7251F80F6110062B374 /* Controller */,
				A97EE7181F80F5EA0062B374 /* Assets.xcassets */,
				A97EE71D1F80F5EA0062B374 /* Info.plist */,
			);
			path = Qurraa;
			sourceTree = "<group>";
		};
		A97EE7231F80F6030062B374 /* Model */ = {
			isa = PBXGroup;
			children = (
				A9D6DF7B1F81100600CF1569 /* Reciter.swift */,
			);
			path = Model;
			sourceTree = "<group>";
		};
		A97EE7241F80F60B0062B374 /* View */ = {
			isa = PBXGroup;
			children = (
				A97EE7151F80F5EA0062B374 /* Main.storyboard */,
				A97EE71A1F80F5EA0062B374 /* LaunchScreen.storyboard */,
			);
			path = View;
			sourceTree = "<group>";
		};
		A97EE7251F80F6110062B374 /* Controller */ = {
			isa = PBXGroup;
			children = (
				A97EE7111F80F5E90062B374 /* AppDelegate.swift */,
				A97EE7131F80F5E90062B374 /* ViewController.swift */,
				A9D6DF791F8108DB00CF1569 /* CustomReaderCell.swift */,
				A9F40EB91F83B7DD00448EAC /* MenuCustomCell.swift */,
				A9F40EBB1F83B8AC00448EAC /* MenuTCV.swift */,
				A9F9BB041F84FB1A0067C293 /* CustomSuraCell.swift */,
				A9F9BB061F8505DF0067C293 /* SuraViewController.swift */,
			);
			path = Controller;
			sourceTree = "<group>";
		};
/* End PBXGroup section */

/* Begin PBXNativeTarget section */
		A97EE70D1F80F5E90062B374 /* Qurraa */ = {
			isa = PBXNativeTarget;
			buildConfigurationList = A97EE7201F80F5EA0062B374 /* Build configuration list for PBXNativeTarget "Qurraa" */;
			buildPhases = (
				62562F634ED663A4C5434F13 /* [CP] Check Pods Manifest.lock */,
				A97EE70A1F80F5E90062B374 /* Sources */,
				A97EE70B1F80F5E90062B374 /* Frameworks */,
				A97EE70C1F80F5E90062B374 /* Resources */,
				1E66CFF71A4671BD3CBA0F2B /* [CP] Embed Pods Frameworks */,
				5C3552D0FBABEB8E762E8393 /* [CP] Copy Pods Resources */,
			);
			buildRules = (
			);
			dependencies = (
			);
			name = Qurraa;
			productName = Qurraa;
			productReference = A97EE70E1F80F5E90062B374 /* Qurraa.app */;
			productType = "com.apple.product-type.application";
		};
/* End PBXNativeTarget section */

/* Begin PBXProject section */
		A97EE7061F80F5E90062B374 /* Project object */ = {
			isa = PBXProject;
			attributes = {
				LastSwiftUpdateCheck = 0900;
				LastUpgradeCheck = 0900;
				ORGANIZATIONNAME = "Ahmad Ahrbi";
				TargetAttributes = {
					A97EE70D1F80F5E90062B374 = {
						CreatedOnToolsVersion = 9.0;
						LastSwiftMigration = 0900;
						ProvisioningStyle = Automatic;
					};
				};
			};
			buildConfigurationList = A97EE7091F80F5E90062B374 /* Build configuration list for PBXProject "Qurraa" */;
			compatibilityVersion = "Xcode 8.0";
			developmentRegion = en;
			hasScannedForEncodings = 0;
			knownRegions = (
				en,
				Base,
			);
			mainGroup = A97EE7051F80F5E90062B374;
			productRefGroup = A97EE70F1F80F5E90062B374 /* Products */;
			projectDirPath = "";
			projectRoot = "";
			targets = (
				A97EE70D1F80F5E90062B374 /* Qurraa */,
			);
		};
/* End PBXProject section */

/* Begin PBXResourcesBuildPhase section */
		A97EE70C1F80F5E90062B374 /* Resources */ = {
			isa = PBXResourcesBuildPhase;
			buildActionMask = 2147483647;
			files = (
				A97EE71C1F80F5EA0062B374 /* LaunchScreen.storyboard in Resources */,
				A97EE7191F80F5EA0062B374 /* Assets.xcassets in Resources */,
				A97EE7171F80F5EA0062B374 /* Main.storyboard in Resources */,
			);
			runOnlyForDeploymentPostprocessing = 0;
		};
/* End PBXResourcesBuildPhase section */

/* Begin PBXShellScriptBuildPhase section */
		1E66CFF71A4671BD3CBA0F2B /* [CP] Embed Pods Frameworks */ = {
			isa = PBXShellScriptBuildPhase;
			buildActionMask = 2147483647;
			files = (
			);
			inputPaths = (
				"${SRCROOT}/Pods/Target Support Files/Pods-Qurraa/Pods-Qurraa-frameworks.sh",
				"${BUILT_PRODUCTS_DIR}/Alamofire/Alamofire.framework",
				"${BUILT_PRODUCTS_DIR}/SwiftyJSON/SwiftyJSON.framework",
			);
			name = "[CP] Embed Pods Frameworks";
			outputPaths = (
				"${TARGET_BUILD_DIR}/${FRAMEWORKS_FOLDER_PATH}/Alamofire.framework",
				"${TARGET_BUILD_DIR}/${FRAMEWORKS_FOLDER_PATH}/SwiftyJSON.framework",
			);
			runOnlyForDeploymentPostprocessing = 0;
			shellPath = /bin/sh;
			shellScript = "\"${SRCROOT}/Pods/Target Support Files/Pods-Qurraa/Pods-Qurraa-frameworks.sh\"\n";
			showEnvVarsInLog = 0;
		};
		5C3552D0FBABEB8E762E8393 /* [CP] Copy Pods Resources */ = {
			isa = PBXShellScriptBuildPhase;
			buildActionMask = 2147483647;
			files = (
			);
			inputPaths = (
			);
			name = "[CP] Copy Pods Resources";
			outputPaths = (
			);
			runOnlyForDeploymentPostprocessing = 0;
			shellPath = /bin/sh;
			shellScript = "\"${SRCROOT}/Pods/Target Support Files/Pods-Qurraa/Pods-Qurraa-resources.sh\"\n";
			showEnvVarsInLog = 0;
		};
		62562F634ED663A4C5434F13 /* [CP] Check Pods Manifest.lock */ = {
			isa = PBXShellScriptBuildPhase;
			buildActionMask = 2147483647;
			files = (
			);
			inputPaths = (
				"${PODS_PODFILE_DIR_PATH}/Podfile.lock",
				"${PODS_ROOT}/Manifest.lock",
			);
			name = "[CP] Check Pods Manifest.lock";
			outputPaths = (
				"$(DERIVED_FILE_DIR)/Pods-Qurraa-checkManifestLockResult.txt",
			);
			runOnlyForDeploymentPostprocessing = 0;
			shellPath = /bin/sh;
			shellScript = "diff \"${PODS_PODFILE_DIR_PATH}/Podfile.lock\" \"${PODS_ROOT}/Manifest.lock\" > /dev/null\nif [ $? != 0 ] ; then\n    # print error to STDERR\n    echo \"error: The sandbox is not in sync with the Podfile.lock. Run 'pod install' or update your CocoaPods installation.\" >&2\n    exit 1\nfi\n# This output is used by Xcode 'outputs' to avoid re-running this script phase.\necho \"SUCCESS\" > \"${SCRIPT_OUTPUT_FILE_0}\"\n";
			showEnvVarsInLog = 0;
		};
/* End PBXShellScriptBuildPhase section */

/* Begin PBXSourcesBuildPhase section */
		A97EE70A1F80F5E90062B374 /* Sources */ = {
			isa = PBXSourcesBuildPhase;
			buildActionMask = 2147483647;
			files = (
				A9F9BB051F84FB1A0067C293 /* CustomSuraCell.swift in Sources */,
				A9F40EBC1F83B8AC00448EAC /* MenuTCV.swift in Sources */,
				A97EE7141F80F5E90062B374 /* ViewController.swift in Sources */,
				A97EE7121F80F5E90062B374 /* AppDelegate.swift in Sources */,
				A9D6DF7C1F81100600CF1569 /* Reciter.swift in Sources */,
				A9F9BB071F8505DF0067C293 /* SuraViewController.swift in Sources */,
				A9F40EBA1F83B7DD00448EAC /* MenuCustomCell.swift in Sources */,
				A9D6DF7A1F8108DB00CF1569 /* CustomReaderCell.swift in Sources */,
			);
			runOnlyForDeploymentPostprocessing = 0;
		};
/* End PBXSourcesBuildPhase section */

/* Begin PBXVariantGroup section */
		A97EE7151F80F5EA0062B374 /* Main.storyboard */ = {
			isa = PBXVariantGroup;
			children = (
				A97EE7161F80F5EA0062B374 /* Base */,
			);
			name = Main.storyboard;
			sourceTree = "<group>";
		};
		A97EE71A1F80F5EA0062B374 /* LaunchScreen.storyboard */ = {
			isa = PBXVariantGroup;
			children = (
				A97EE71B1F80F5EA0062B374 /* Base */,
			);
			name = LaunchScreen.storyboard;
			sourceTree = "<group>";
		};
/* End PBXVariantGroup section */

/* Begin XCBuildConfiguration section */
		A97EE71E1F80F5EA0062B374 /* Debug */ = {
			isa = XCBuildConfiguration;
			buildSettings = {
				ALWAYS_SEARCH_USER_PATHS = NO;
				CLANG_ANALYZER_NONNULL = YES;
				CLANG_ANALYZER_NUMBER_OBJECT_CONVERSION = YES_AGGRESSIVE;
				CLANG_CXX_LANGUAGE_STANDARD = "gnu++14";
				CLANG_CXX_LIBRARY = "libc++";
				CLANG_ENABLE_MODULES = YES;
				CLANG_ENABLE_OBJC_ARC = YES;
				CLANG_WARN_BLOCK_CAPTURE_AUTORELEASING = YES;
				CLANG_WARN_BOOL_CONVERSION = YES;
				CLANG_WARN_COMMA = YES;
				CLANG_WARN_CONSTANT_CONVERSION = YES;
				CLANG_WARN_DIRECT_OBJC_ISA_USAGE = YES_ERROR;
				CLANG_WARN_DOCUMENTATION_COMMENTS = YES;
				CLANG_WARN_EMPTY_BODY = YES;
				CLANG_WARN_ENUM_CONVERSION = YES;
				CLANG_WARN_INFINITE_RECURSION = YES;
				CLANG_WARN_INT_CONVERSION = YES;
				CLANG_WARN_NON_LITERAL_NULL_CONVERSION = YES;
				CLANG_WARN_OBJC_LITERAL_CONVERSION = YES;
				CLANG_WARN_OBJC_ROOT_CLASS = YES_ERROR;
				CLANG_WARN_RANGE_LOOP_ANALYSIS = YES;
				CLANG_WARN_STRICT_PROTOTYPES = YES;
				CLANG_WARN_SUSPICIOUS_MOVE = YES;
				CLANG_WARN_UNGUARDED_AVAILABILITY = YES_AGGRESSIVE;
				CLANG_WARN_UNREACHABLE_CODE = YES;
				CLANG_WARN__DUPLICATE_METHOD_MATCH = YES;
				CODE_SIGN_IDENTITY = "iPhone Developer";
				COPY_PHASE_STRIP = NO;
				DEBUG_INFORMATION_FORMAT = dwarf;
				ENABLE_STRICT_OBJC_MSGSEND = YES;
				ENABLE_TESTABILITY = YES;
				GCC_C_LANGUAGE_STANDARD = gnu11;
				GCC_DYNAMIC_NO_PIC = NO;
				GCC_NO_COMMON_BLOCKS = YES;
				GCC_OPTIMIZATION_LEVEL = 0;
				GCC_PREPROCESSOR_DEFINITIONS = (
					"DEBUG=1",
					"$(inherited)",
				);
				GCC_WARN_64_TO_32_BIT_CONVERSION = YES;
				GCC_WARN_ABOUT_RETURN_TYPE = YES_ERROR;
				GCC_WARN_UNDECLARED_SELECTOR = YES;
				GCC_WARN_UNINITIALIZED_AUTOS = YES_AGGRESSIVE;
				GCC_WARN_UNUSED_FUNCTION = YES;
				GCC_WARN_UNUSED_VARIABLE = YES;
				IPHONEOS_DEPLOYMENT_TARGET = 11.0;
				MTL_ENABLE_DEBUG_INFO = YES;
				ONLY_ACTIVE_ARCH = YES;
				SDKROOT = iphoneos;
				SWIFT_ACTIVE_COMPILATION_CONDITIONS = DEBUG;
				SWIFT_OPTIMIZATION_LEVEL = "-Onone";
			};
			name = Debug;
		};
		A97EE71F1F80F5EA0062B374 /* Release */ = {
			isa = XCBuildConfiguration;
			buildSettings = {
				ALWAYS_SEARCH_USER_PATHS = NO;
				CLANG_ANALYZER_NONNULL = YES;
				CLANG_ANALYZER_NUMBER_OBJECT_CONVERSION = YES_AGGRESSIVE;
				CLANG_CXX_LANGUAGE_STANDARD = "gnu++14";
				CLANG_CXX_LIBRARY = "libc++";
				CLANG_ENABLE_MODULES = YES;
				CLANG_ENABLE_OBJC_ARC = YES;
				CLANG_WARN_BLOCK_CAPTURE_AUTORELEASING = YES;
				CLANG_WARN_BOOL_CONVERSION = YES;
				CLANG_WARN_COMMA = YES;
				CLANG_WARN_CONSTANT_CONVERSION = YES;
				CLANG_WARN_DIRECT_OBJC_ISA_USAGE = YES_ERROR;
				CLANG_WARN_DOCUMENTATION_COMMENTS = YES;
				CLANG_WARN_EMPTY_BODY = YES;
				CLANG_WARN_ENUM_CONVERSION = YES;
				CLANG_WARN_INFINITE_RECURSION = YES;
				CLANG_WARN_INT_CONVERSION = YES;
				CLANG_WARN_NON_LITERAL_NULL_CONVERSION = YES;
				CLANG_WARN_OBJC_LITERAL_CONVERSION = YES;
				CLANG_WARN_OBJC_ROOT_CLASS = YES_ERROR;
				CLANG_WARN_RANGE_LOOP_ANALYSIS = YES;
				CLANG_WARN_STRICT_PROTOTYPES = YES;
				CLANG_WARN_SUSPICIOUS_MOVE = YES;
				CLANG_WARN_UNGUARDED_AVAILABILITY = YES_AGGRESSIVE;
				CLANG_WARN_UNREACHABLE_CODE = YES;
				CLANG_WARN__DUPLICATE_METHOD_MATCH = YES;
				CODE_SIGN_IDENTITY = "iPhone Developer";
				COPY_PHASE_STRIP = NO;
				DEBUG_INFORMATION_FORMAT = "dwarf-with-dsym";
				ENABLE_NS_ASSERTIONS = NO;
				ENABLE_STRICT_OBJC_MSGSEND = YES;
				GCC_C_LANGUAGE_STANDARD = gnu11;
				GCC_NO_COMMON_BLOCKS = YES;
				GCC_WARN_64_TO_32_BIT_CONVERSION = YES;
				GCC_WARN_ABOUT_RETURN_TYPE = YES_ERROR;
				GCC_WARN_UNDECLARED_SELECTOR = YES;
				GCC_WARN_UNINITIALIZED_AUTOS = YES_AGGRESSIVE;
				GCC_WARN_UNUSED_FUNCTION = YES;
				GCC_WARN_UNUSED_VARIABLE = YES;
				IPHONEOS_DEPLOYMENT_TARGET = 11.0;
				MTL_ENABLE_DEBUG_INFO = NO;
				SDKROOT = iphoneos;
				SWIFT_OPTIMIZATION_LEVEL = "-Owholemodule";
				VALIDATE_PRODUCT = YES;
			};
			name = Release;
		};
		A97EE7211F80F5EA0062B374 /* Debug */ = {
			isa = XCBuildConfiguration;
			baseConfigurationReference = E06340A47D44D9D6E410486F /* Pods-Qurraa.debug.xcconfig */;
			buildSettings = {
				ASSETCATALOG_COMPILER_APPICON_NAME = AppIcon;
				CLANG_ENABLE_MODULES = YES;
				CODE_SIGN_STYLE = Automatic;
				DEVELOPMENT_TEAM = D693AQV5FR;
				INFOPLIST_FILE = Qurraa/Info.plist;
				LD_RUNPATH_SEARCH_PATHS = "$(inherited) @executable_path/Frameworks";
				PRODUCT_BUNDLE_IDENTIFIER = com.AA.Qurraa;
				PRODUCT_NAME = "$(TARGET_NAME)";
				SWIFT_OBJC_BRIDGING_HEADER = "";
				SWIFT_OPTIMIZATION_LEVEL = "-Onone";
				SWIFT_VERSION = 4.0;
				TARGETED_DEVICE_FAMILY = "1,2";
			};
			name = Debug;
		};
		A97EE7221F80F5EA0062B374 /* Release */ = {
			isa = XCBuildConfiguration;
			baseConfigurationReference = 404FB1139A34E8A059C883B7 /* Pods-Qurraa.release.xcconfig */;
			buildSettings = {
				ASSETCATALOG_COMPILER_APPICON_NAME = AppIcon;
				CLANG_ENABLE_MODULES = YES;
				CODE_SIGN_STYLE = Automatic;
				DEVELOPMENT_TEAM = D693AQV5FR;
				INFOPLIST_FILE = Qurraa/Info.plist;
				LD_RUNPATH_SEARCH_PATHS = "$(inherited) @executable_path/Frameworks";
				PRODUCT_BUNDLE_IDENTIFIER = com.AA.Qurraa;
				PRODUCT_NAME = "$(TARGET_NAME)";
				SWIFT_OBJC_BRIDGING_HEADER = "";
				SWIFT_VERSION = 4.0;
				TARGETED_DEVICE_FAMILY = "1,2";
			};
			name = Release;
		};
/* End XCBuildConfiguration section */

/* Begin XCConfigurationList section */
		A97EE7091F80F5E90062B374 /* Build configuration list for PBXProject "Qurraa" */ = {
			isa = XCConfigurationList;
			buildConfigurations = (
				A97EE71E1F80F5EA0062B374 /* Debug */,
				A97EE71F1F80F5EA0062B374 /* Release */,
			);
			defaultConfigurationIsVisible = 0;
			defaultConfigurationName = Release;
		};
		A97EE7201F80F5EA0062B374 /* Build configuration list for PBXNativeTarget "Qurraa" */ = {
			isa = XCConfigurationList;
			buildConfigurations = (
				A97EE7211F80F5EA0062B374 /* Debug */,
				A97EE7221F80F5EA0062B374 /* Release */,
			);
			defaultConfigurationIsVisible = 0;
			defaultConfigurationName = Release;
		};
/* End XCConfigurationList section */
	};
	rootObject = A97EE7061F80F5E90062B374 /* Project object */;
}
